
Microsoft Visual Studio Solution File, Format Version 12.00
# Visual Studio 2012
Project("{E24C65DC-7377-472B-9ABA-BC803B73C61A}") = "WellnessTracker", "http://localhost:60302", "{FF145B44-AB95-4CB0-87EF-6AB8FC355FC9}"
	ProjectSection(WebsiteProperties) = preProject
		SccProjectName = "SAK"
		SccAuxPath = "SAK"
		SccLocalPath = "SAK"
		SccProvider = "SAK"
		UseIISExpress = "true"
		TargetFrameworkMoniker = ".NETFramework,Version%3Dv4.5"
		Debug.AspNetCompiler.VirtualPath = "/localhost_60302"
		Debug.AspNetCompiler.PhysicalPath = "..\WellnessTracker\"
		Debug.AspNetCompiler.TargetPath = "PrecompiledWeb\localhost_60302\"
		Debug.AspNetCompiler.Updateable = "true"
		Debug.AspNetCompiler.ForceOverwrite = "true"
		Debug.AspNetCompiler.FixedNames = "false"
		Debug.AspNetCompiler.Debug = "True"
		Release.AspNetCompiler.VirtualPath = "/localhost_60302"
		Release.AspNetCompiler.PhysicalPath = "..\WellnessTracker\"
		Release.AspNetCompiler.TargetPath = "PrecompiledWeb\localhost_60302\"
		Release.AspNetCompiler.Updateable = "true"
		Release.AspNetCompiler.ForceOverwrite = "true"
		Release.AspNetCompiler.FixedNames = "false"
		Release.AspNetCompiler.Debug = "False"
		SlnRelativePath = "..\WellnessTracker\"
	EndProjectSection
EndProject
Project("{2150E333-8FDC-42A3-9474-1A3956D46DE8}") = "Solution Items", "Solution Items", "{437D1A0B-937F-4071-A624-7AABCC604BE3}"
EndProject
Project("{FAE04EC0-301F-11D3-BF4B-00C04F79EFBC}") = "WellnessTracker.Api", "WellnessTracker.Api\WellnessTracker.Api.csproj", "{EFA2126D-6F96-485E-B77F-443D47961F78}"
EndProject
Project("{FAE04EC0-301F-11D3-BF4B-00C04F79EFBC}") = "WellnessTracker.Api.Tests", "WellnessTracker.Api.Tests\WellnessTracker.Api.Tests.csproj", "{4500A63A-7F27-4CAC-85B3-9D43F93EF949}"
EndProject
Global
	GlobalSection(TeamFoundationVersionControl) = preSolution
		SccNumberOfProjects = 1
		SccEnterpriseProvider = {4CA58AB2-18FA-4F8D-95D4-32DDF27D184C}
		SccTeamFoundationServer = https://tfs.westmonroepartners.com/tfs/defaultcollection
		SccWebProject0 = true
		SccProjectUniqueName0 = http://localhost:60302
		SccProjectName0 = .
		SccAuxPath0 = https://tfs.westmonroepartners.com/tfs/defaultcollection
		SccLocalPath0 = .
		SccProvider0 = {4CA58AB2-18FA-4F8D-95D4-32DDF27D184C}
		SccProjectEnlistmentChoice0 = 2
	EndGlobalSection
	GlobalSection(SolutionConfigurationPlatforms) = preSolution
		Debug|Any CPU = Debug|Any CPU
		Release|Any CPU = Release|Any CPU
	EndGlobalSection
	GlobalSection(ProjectConfigurationPlatforms) = postSolution
		{FF145B44-AB95-4CB0-87EF-6AB8FC355FC9}.Debug|Any CPU.ActiveCfg = Debug|Any CPU
		{FF145B44-AB95-4CB0-87EF-6AB8FC355FC9}.Debug|Any CPU.Build.0 = Debug|Any CPU
		{FF145B44-AB95-4CB0-87EF-6AB8FC355FC9}.Release|Any CPU.ActiveCfg = Debug|Any CPU
		{FF145B44-AB95-4CB0-87EF-6AB8FC355FC9}.Release|Any CPU.Build.0 = Debug|Any CPU
		{EFA2126D-6F96-485E-B77F-443D47961F78}.Debug|Any CPU.ActiveCfg = Debug|Any CPU
		{EFA2126D-6F96-485E-B77F-443D47961F78}.Debug|Any CPU.Build.0 = Debug|Any CPU
		{EFA2126D-6F96-485E-B77F-443D47961F78}.Release|Any CPU.ActiveCfg = Release|Any CPU
		{EFA2126D-6F96-485E-B77F-443D47961F78}.Release|Any CPU.Build.0 = Release|Any CPU
		{4500A63A-7F27-4CAC-85B3-9D43F93EF949}.Debug|Any CPU.ActiveCfg = Debug|Any CPU
		{4500A63A-7F27-4CAC-85B3-9D43F93EF949}.Debug|Any CPU.Build.0 = Debug|Any CPU
		{4500A63A-7F27-4CAC-85B3-9D43F93EF949}.Release|Any CPU.ActiveCfg = Release|Any CPU
		{4500A63A-7F27-4CAC-85B3-9D43F93EF949}.Release|Any CPU.Build.0 = Release|Any CPU
	EndGlobalSection
	GlobalSection(SolutionProperties) = preSolution
		HideSolutionNode = FALSE
	EndGlobalSection
EndGlobal
